
Microsoft Visual Studio Solution File, Format Version 12.00
# Visual Studio Version 17
VisualStudioVersion = 17.7.34031.279
MinimumVisualStudioVersion = 10.0.40219.1
Project("{2150E333-8FDC-42A3-9474-1A3956D46DE8}") = "Services", "Services", "{4437467C-5C59-4A8F-81CD-4C0550D62698}"
EndProject
Project("{2150E333-8FDC-42A3-9474-1A3956D46DE8}") = "Catalog", "Catalog", "{3435C8FA-E50C-4813-8931-55F19CFDAA52}"
EndProject
Project("{9A19103F-16F7-4668-BE54-9A1E7A4F7556}") = "Catalog.API", "Services\Catalog\Catalog.API\Catalog.API.csproj", "{C7F752BB-AD22-4302-8C73-F706331B6A9F}"
EndProject
Project("{E53339B2-1760-4266-BCC7-CA923CBCF16C}") = "docker-compose", "docker-compose.dcproj", "{B549395E-FAB3-4B3E-A183-89ECDC52F217}"
EndProject
Project("{2150E333-8FDC-42A3-9474-1A3956D46DE8}") = "Basket", "Basket", "{9E4F0890-6BED-47B7-AB98-2684982C2395}"
EndProject
Project("{9A19103F-16F7-4668-BE54-9A1E7A4F7556}") = "Basket.API", "Services\Basket\Basket.API\Basket.API.csproj", "{E5058F0B-DAAD-4F68-8C8A-E26F40912134}"
EndProject
Project("{2150E333-8FDC-42A3-9474-1A3956D46DE8}") = "Discount", "Discount", "{32E0995B-A4E9-4677-B156-B6F1B485A588}"
EndProject
Project("{9A19103F-16F7-4668-BE54-9A1E7A4F7556}") = "Discount.API", "Services\Discount\Discount.API\Discount.API.csproj", "{F4B15C1F-8F62-4436-B1F2-AA996AFB47E3}"
EndProject
Project("{9A19103F-16F7-4668-BE54-9A1E7A4F7556}") = "Discount.Grpc", "Services\Discount\Discount.Grpc\Discount.Grpc.csproj", "{4050FE65-8B1A-43C5-BE7D-4F480B1AE5BB}"
EndProject
Project("{2150E333-8FDC-42A3-9474-1A3956D46DE8}") = "Ordering", "Ordering", "{5E24A69F-BEEE-4721-83DB-7C289E111399}"
EndProject
Project("{9A19103F-16F7-4668-BE54-9A1E7A4F7556}") = "Ordering.API", "Services\Ordering\Ordering.API\Ordering.API.csproj", "{767879BD-C31C-4C6B-9F2C-13153F6CB385}"
EndProject
Project("{9A19103F-16F7-4668-BE54-9A1E7A4F7556}") = "Ordering.Application", "Services\Ordering\Ordering.Application\Ordering.Application.csproj", "{8247D7D4-CB22-48A3-9D89-331F38E34444}"
EndProject
Project("{9A19103F-16F7-4668-BE54-9A1E7A4F7556}") = "Ordering.Domain", "Services\Ordering\Ordering.Domain\Ordering.Domain.csproj", "{97792E86-09F1-48E1-B234-A0E966F2914E}"
EndProject
Project("{9A19103F-16F7-4668-BE54-9A1E7A4F7556}") = "Ordering.Infrastructure", "Services\Ordering\Ordering.Infrastructure\Ordering.Infrastructure.csproj", "{1CD6A8DB-083C-4478-ADBD-DDA9FA8D248E}"
EndProject
Project("{2150E333-8FDC-42A3-9474-1A3956D46DE8}") = "BuildingBlocks", "BuildingBlocks", "{CA6CCA77-5EB8-4803-B48F-A069554DA9BF}"
EndProject
Project("{9A19103F-16F7-4668-BE54-9A1E7A4F7556}") = "EventBus.Messages", "BuildingBlocks\EventBus.Messages\EventBus.Messages.csproj", "{2E37C44B-0717-44E1-95D6-AD3F80074CEF}"
EndProject
Project("{2150E333-8FDC-42A3-9474-1A3956D46DE8}") = "ApiGateways", "ApiGateways", "{13C236A9-7AC9-4F22-AD51-BB1A8B23D922}"
EndProject
Project("{FAE04EC0-301F-11D3-BF4B-00C04F79EFBC}") = "OcelotApiGw", "ApiGateways\OcelotApiGw\OcelotApiGw.csproj", "{D12F6E30-C1C2-45DB-A2D1-634ED41705AD}"
EndProject
Global
	GlobalSection(SolutionConfigurationPlatforms) = preSolution
		Debug|Any CPU = Debug|Any CPU
		Release|Any CPU = Release|Any CPU
	EndGlobalSection
	GlobalSection(ProjectConfigurationPlatforms) = postSolution
		{C7F752BB-AD22-4302-8C73-F706331B6A9F}.Debug|Any CPU.ActiveCfg = Debug|Any CPU
		{C7F752BB-AD22-4302-8C73-F706331B6A9F}.Debug|Any CPU.Build.0 = Debug|Any CPU
		{C7F752BB-AD22-4302-8C73-F706331B6A9F}.Release|Any CPU.ActiveCfg = Release|Any CPU
		{C7F752BB-AD22-4302-8C73-F706331B6A9F}.Release|Any CPU.Build.0 = Release|Any CPU
		{B549395E-FAB3-4B3E-A183-89ECDC52F217}.Debug|Any CPU.ActiveCfg = Debug|Any CPU
		{B549395E-FAB3-4B3E-A183-89ECDC52F217}.Debug|Any CPU.Build.0 = Debug|Any CPU
		{B549395E-FAB3-4B3E-A183-89ECDC52F217}.Release|Any CPU.ActiveCfg = Release|Any CPU
		{B549395E-FAB3-4B3E-A183-89ECDC52F217}.Release|Any CPU.Build.0 = Release|Any CPU
		{E5058F0B-DAAD-4F68-8C8A-E26F40912134}.Debug|Any CPU.ActiveCfg = Debug|Any CPU
		{E5058F0B-DAAD-4F68-8C8A-E26F40912134}.Debug|Any CPU.Build.0 = Debug|Any CPU
		{E5058F0B-DAAD-4F68-8C8A-E26F40912134}.Release|Any CPU.ActiveCfg = Release|Any CPU
		{E5058F0B-DAAD-4F68-8C8A-E26F40912134}.Release|Any CPU.Build.0 = Release|Any CPU
		{F4B15C1F-8F62-4436-B1F2-AA996AFB47E3}.Debug|Any CPU.ActiveCfg = Debug|Any CPU
		{F4B15C1F-8F62-4436-B1F2-AA996AFB47E3}.Debug|Any CPU.Build.0 = Debug|Any CPU
		{F4B15C1F-8F62-4436-B1F2-AA996AFB47E3}.Release|Any CPU.ActiveCfg = Release|Any CPU
		{F4B15C1F-8F62-4436-B1F2-AA996AFB47E3}.Release|Any CPU.Build.0 = Release|Any CPU
		{4050FE65-8B1A-43C5-BE7D-4F480B1AE5BB}.Debug|Any CPU.ActiveCfg = Debug|Any CPU
		{4050FE65-8B1A-43C5-BE7D-4F480B1AE5BB}.Debug|Any CPU.Build.0 = Debug|Any CPU
		{4050FE65-8B1A-43C5-BE7D-4F480B1AE5BB}.Release|Any CPU.ActiveCfg = Release|Any CPU
		{4050FE65-8B1A-43C5-BE7D-4F480B1AE5BB}.Release|Any CPU.Build.0 = Release|Any CPU
		{767879BD-C31C-4C6B-9F2C-13153F6CB385}.Debug|Any CPU.ActiveCfg = Debug|Any CPU
		{767879BD-C31C-4C6B-9F2C-13153F6CB385}.Debug|Any CPU.Build.0 = Debug|Any CPU
		{767879BD-C31C-4C6B-9F2C-13153F6CB385}.Release|Any CPU.ActiveCfg = Release|Any CPU
		{767879BD-C31C-4C6B-9F2C-13153F6CB385}.Release|Any CPU.Build.0 = Release|Any CPU
		{8247D7D4-CB22-48A3-9D89-331F38E34444}.Debug|Any CPU.ActiveCfg = Debug|Any CPU
		{8247D7D4-CB22-48A3-9D89-331F38E34444}.Debug|Any CPU.Build.0 = Debug|Any CPU
		{8247D7D4-CB22-48A3-9D89-331F38E34444}.Release|Any CPU.ActiveCfg = Release|Any CPU
		{8247D7D4-CB22-48A3-9D89-331F38E34444}.Release|Any CPU.Build.0 = Release|Any CPU
		{97792E86-09F1-48E1-B234-A0E966F2914E}.Debug|Any CPU.ActiveCfg = Debug|Any CPU
		{97792E86-09F1-48E1-B234-A0E966F2914E}.Debug|Any CPU.Build.0 = Debug|Any CPU
		{97792E86-09F1-48E1-B234-A0E966F2914E}.Release|Any CPU.ActiveCfg = Release|Any CPU
		{97792E86-09F1-48E1-B234-A0E966F2914E}.Release|Any CPU.Build.0 = Release|Any CPU
		{1CD6A8DB-083C-4478-ADBD-DDA9FA8D248E}.Debug|Any CPU.ActiveCfg = Debug|Any CPU
		{1CD6A8DB-083C-4478-ADBD-DDA9FA8D248E}.Debug|Any CPU.Build.0 = Debug|Any CPU
		{1CD6A8DB-083C-4478-ADBD-DDA9FA8D248E}.Release|Any CPU.ActiveCfg = Release|Any CPU
		{1CD6A8DB-083C-4478-ADBD-DDA9FA8D248E}.Release|Any CPU.Build.0 = Release|Any CPU
		{2E37C44B-0717-44E1-95D6-AD3F80074CEF}.Debug|Any CPU.ActiveCfg = Debug|Any CPU
		{2E37C44B-0717-44E1-95D6-AD3F80074CEF}.Debug|Any CPU.Build.0 = Debug|Any CPU
		{2E37C44B-0717-44E1-95D6-AD3F80074CEF}.Release|Any CPU.ActiveCfg = Release|Any CPU
		{2E37C44B-0717-44E1-95D6-AD3F80074CEF}.Release|Any CPU.Build.0 = Release|Any CPU
		{D12F6E30-C1C2-45DB-A2D1-634ED41705AD}.Debug|Any CPU.ActiveCfg = Debug|Any CPU
		{D12F6E30-C1C2-45DB-A2D1-634ED41705AD}.Debug|Any CPU.Build.0 = Debug|Any CPU
		{D12F6E30-C1C2-45DB-A2D1-634ED41705AD}.Release|Any CPU.ActiveCfg = Release|Any CPU
		{D12F6E30-C1C2-45DB-A2D1-634ED41705AD}.Release|Any CPU.Build.0 = Release|Any CPU
	EndGlobalSection
	GlobalSection(SolutionProperties) = preSolution
		HideSolutionNode = FALSE
	EndGlobalSection
	GlobalSection(NestedProjects) = preSolution
		{3435C8FA-E50C-4813-8931-55F19CFDAA52} = {4437467C-5C59-4A8F-81CD-4C0550D62698}
		{C7F752BB-AD22-4302-8C73-F706331B6A9F} = {3435C8FA-E50C-4813-8931-55F19CFDAA52}
		{9E4F0890-6BED-47B7-AB98-2684982C2395} = {4437467C-5C59-4A8F-81CD-4C0550D62698}
		{E5058F0B-DAAD-4F68-8C8A-E26F40912134} = {9E4F0890-6BED-47B7-AB98-2684982C2395}
		{32E0995B-A4E9-4677-B156-B6F1B485A588} = {4437467C-5C59-4A8F-81CD-4C0550D62698}
		{F4B15C1F-8F62-4436-B1F2-AA996AFB47E3} = {32E0995B-A4E9-4677-B156-B6F1B485A588}
		{4050FE65-8B1A-43C5-BE7D-4F480B1AE5BB} = {32E0995B-A4E9-4677-B156-B6F1B485A588}
		{5E24A69F-BEEE-4721-83DB-7C289E111399} = {4437467C-5C59-4A8F-81CD-4C0550D62698}
		{767879BD-C31C-4C6B-9F2C-13153F6CB385} = {5E24A69F-BEEE-4721-83DB-7C289E111399}
		{8247D7D4-CB22-48A3-9D89-331F38E34444} = {5E24A69F-BEEE-4721-83DB-7C289E111399}
		{97792E86-09F1-48E1-B234-A0E966F2914E} = {5E24A69F-BEEE-4721-83DB-7C289E111399}
		{1CD6A8DB-083C-4478-ADBD-DDA9FA8D248E} = {5E24A69F-BEEE-4721-83DB-7C289E111399}
		{2E37C44B-0717-44E1-95D6-AD3F80074CEF} = {CA6CCA77-5EB8-4803-B48F-A069554DA9BF}
		{D12F6E30-C1C2-45DB-A2D1-634ED41705AD} = {13C236A9-7AC9-4F22-AD51-BB1A8B23D922}
	EndGlobalSection
	GlobalSection(ExtensibilityGlobals) = postSolution
		SolutionGuid = {1205D00A-05FC-40DF-BFD8-3A79A8FCA4C7}
	EndGlobalSection
EndGlobal
